
Microsoft Visual Studio Solution File, Format Version 12.00
# Visual Studio Version 17
VisualStudioVersion = 17.11.35303.130
MinimumVisualStudioVersion = 10.0.40219.1
Project("{FAE04EC0-301F-11D3-BF4B-00C04F79EFBC}") = "PhotoPostApp", "PhotoPostApp\PhotoPostApp.csproj", "{87F30B1E-1F66-4964-9D33-D8D49C2724B9}"
EndProject
Project("{FAE04EC0-301F-11D3-BF4B-00C04F79EFBC}") = "ModulePost", "ModulePost\ModulePost.csproj", "{0851E20F-9623-4688-8429-EB20DDAE57F2}"
EndProject
Project("{FAE04EC0-301F-11D3-BF4B-00C04F79EFBC}") = "DataModule", "DataModule\DataModule.csproj", "{5B701D3B-79FD-458B-8BD5-E6368445DACD}"
EndProject
Global
	GlobalSection(SolutionConfigurationPlatforms) = preSolution
		Debug|Any CPU = Debug|Any CPU
		Release|Any CPU = Release|Any CPU
	EndGlobalSection
	GlobalSection(ProjectConfigurationPlatforms) = postSolution
		{87F30B1E-1F66-4964-9D33-D8D49C2724B9}.Debug|Any CPU.ActiveCfg = Debug|Any CPU
		{87F30B1E-1F66-4964-9D33-D8D49C2724B9}.Debug|Any CPU.Build.0 = Debug|Any CPU
		{87F30B1E-1F66-4964-9D33-D8D49C2724B9}.Release|Any CPU.ActiveCfg = Release|Any CPU
		{87F30B1E-1F66-4964-9D33-D8D49C2724B9}.Release|Any CPU.Build.0 = Release|Any CPU
		{0851E20F-9623-4688-8429-EB20DDAE57F2}.Debug|Any CPU.ActiveCfg = Debug|Any CPU
		{0851E20F-9623-4688-8429-EB20DDAE57F2}.Debug|Any CPU.Build.0 = Debug|Any CPU
		{0851E20F-9623-4688-8429-EB20DDAE57F2}.Release|Any CPU.ActiveCfg = Release|Any CPU
		{0851E20F-9623-4688-8429-EB20DDAE57F2}.Release|Any CPU.Build.0 = Release|Any CPU
		{5B701D3B-79FD-458B-8BD5-E6368445DACD}.Debug|Any CPU.ActiveCfg = Debug|Any CPU
		{5B701D3B-79FD-458B-8BD5-E6368445DACD}.Debug|Any CPU.Build.0 = Debug|Any CPU
		{5B701D3B-79FD-458B-8BD5-E6368445DACD}.Release|Any CPU.ActiveCfg = Release|Any CPU
		{5B701D3B-79FD-458B-8BD5-E6368445DACD}.Release|Any CPU.Build.0 = Release|Any CPU
	EndGlobalSection
	GlobalSection(SolutionProperties) = preSolution
		HideSolutionNode = FALSE
	EndGlobalSection
	GlobalSection(ExtensibilityGlobals) = postSolution
		SolutionGuid = {AC5048D3-C3CB-4ED2-BA63-FEEC3B10ED61}
	EndGlobalSection
EndGlobal
